// !$*UTF8*$!
{
	archiveVersion = 1;
	classes = {
	};
	objectVersion = 46;
	objects = {

/* Begin PBXBuildFile section */
		F25F02781CEC82AA00250516 /* AppDelegate.swift in Sources */ = {isa = PBXBuildFile; fileRef = F25F02771CEC82AA00250516 /* AppDelegate.swift */; };
		F25F027A1CEC82AA00250516 /* ViewController.swift in Sources */ = {isa = PBXBuildFile; fileRef = F25F02791CEC82AA00250516 /* ViewController.swift */; };
		F25F027D1CEC82AA00250516 /* Main.storyboard in Resources */ = {isa = PBXBuildFile; fileRef = F25F027B1CEC82AA00250516 /* Main.storyboard */; };
		F25F027F1CEC82AA00250516 /* Assets.xcassets in Resources */ = {isa = PBXBuildFile; fileRef = F25F027E1CEC82AA00250516 /* Assets.xcassets */; };
		F25F02821CEC82AA00250516 /* LaunchScreen.storyboard in Resources */ = {isa = PBXBuildFile; fileRef = F25F02801CEC82AA00250516 /* LaunchScreen.storyboard */; };
/* End PBXBuildFile section */

/* Begin PBXFileReference section */
		F25F02741CEC82AA00250516 /* CLLocationManagerTask.app */ = {isa = PBXFileReference; explicitFileType = wrapper.application; includeInIndex = 0; path = CLLocationManagerTask.app; sourceTree = BUILT_PRODUCTS_DIR; };
		F25F02771CEC82AA00250516 /* AppDelegate.swift */ = {isa = PBXFileReference; lastKnownFileType = sourcecode.swift; path = AppDelegate.swift; sourceTree = "<group>"; };
		F25F02791CEC82AA00250516 /* ViewController.swift */ = {isa = PBXFileReference; lastKnownFileType = sourcecode.swift; path = ViewController.swift; sourceTree = "<group>"; };
		F25F027C1CEC82AA00250516 /* Base */ = {isa = PBXFileReference; lastKnownFileType = file.storyboard; name = Base; path = Base.lproj/Main.storyboard; sourceTree = "<group>"; };
		F25F027E1CEC82AA00250516 /* Assets.xcassets */ = {isa = PBXFileReference; lastKnownFileType = folder.assetcatalog; path = Assets.xcassets; sourceTree = "<group>"; };
		F25F02811CEC82AA00250516 /* Base */ = {isa = PBXFileReference; lastKnownFileType = file.storyboard; name = Base; path = Base.lproj/LaunchScreen.storyboard; sourceTree = "<group>"; };
		F25F02831CEC82AA00250516 /* Info.plist */ = {isa = PBXFileReference; lastKnownFileType = text.plist.xml; path = Info.plist; sourceTree = "<group>"; };
/* End PBXFileReference section */

/* Begin PBXFrameworksBuildPhase section */
		F25F02711CEC82AA00250516 /* Frameworks */ = {
			isa = PBXFrameworksBuildPhase;
			buildActionMask = 2147483647;
			files = (
			);
			runOnlyForDeploymentPostprocessing = 0;
		};
/* End PBXFrameworksBuildPhase section */

/* Begin PBXGroup section */
		F25F026B1CEC82AA00250516 = {
			isa = PBXGroup;
			children = (
				F25F02761CEC82AA00250516 /* CLLocationManagerTask */,
				F25F02751CEC82AA00250516 /* Products */,
			);
			sourceTree = "<group>";
		};
		F25F02751CEC82AA00250516 /* Products */ = {
			isa = PBXGroup;
			children = (
				F25F02741CEC82AA00250516 /* CLLocationManagerTask.app */,
			);
			name = Products;
			sourceTree = "<group>";
		};
		F25F02761CEC82AA00250516 /* CLLocationManagerTask */ = {
			isa = PBXGroup;
			children = (
				F25F02771CEC82AA00250516 /* AppDelegate.swift */,
				F25F02791CEC82AA00250516 /* ViewController.swift */,
				F25F027B1CEC82AA00250516 /* Main.storyboard */,
				F25F027E1CEC82AA00250516 /* Assets.xcassets */,
				F25F02801CEC82AA00250516 /* LaunchScreen.storyboard */,
				F25F02831CEC82AA00250516 /* Info.plist */,
			);
			path = CLLocationManagerTask;
			sourceTree = "<group>";
		};
/* End PBXGroup section */

/* Begin PBXNativeTarget section */
		F25F02731CEC82AA00250516 /* CLLocationManagerTask */ = {
			isa = PBXNativeTarget;
			buildConfigurationList = F25F02861CEC82AA00250516 /* Build configuration list for PBXNativeTarget "CLLocationManagerTask" */;
			buildPhases = (
				F25F02701CEC82AA00250516 /* Sources */,
				F25F02711CEC82AA00250516 /* Frameworks */,
				F25F02721CEC82AA00250516 /* Resources */,
			);
			buildRules = (
			);
			dependencies = (
			);
			name = CLLocationManagerTask;
			productName = CLLocationManagerTask;
			productReference = F25F02741CEC82AA00250516 /* CLLocationManagerTask.app */;
			productType = "com.apple.product-type.application";
		};
/* End PBXNativeTarget section */

/* Begin PBXProject section */
		F25F026C1CEC82AA00250516 /* Project object */ = {
			isa = PBXProject;
			attributes = {
				LastSwiftUpdateCheck = 0730;
				LastUpgradeCheck = 0730;
				ORGANIZATIONNAME = "Slash Global";
				TargetAttributes = {
					F25F02731CEC82AA00250516 = {
						CreatedOnToolsVersion = 7.3;
					};
				};
			};
			buildConfigurationList = F25F026F1CEC82AA00250516 /* Build configuration list for PBXProject "CLLocationManagerTask" */;
			compatibilityVersion = "Xcode 3.2";
			developmentRegion = English;
			hasScannedForEncodings = 0;
			knownRegions = (
				en,
				Base,
			);
			mainGroup = F25F026B1CEC82AA00250516;
			productRefGroup = F25F02751CEC82AA00250516 /* Products */;
			projectDirPath = "";
			projectRoot = "";
			targets = (
				F25F02731CEC82AA00250516 /* CLLocationManagerTask */,
			);
		};
/* End PBXProject section */

/* Begin PBXResourcesBuildPhase section */
		F25F02721CEC82AA00250516 /* Resources */ = {
			isa = PBXResourcesBuildPhase;
			buildActionMask = 2147483647;
			files = (
				F25F02821CEC82AA00250516 /* LaunchScreen.storyboard in Resources */,
				F25F027F1CEC82AA00250516 /* Assets.xcassets in Resources */,
				F25F027D1CEC82AA00250516 /* Main.storyboard in Resources */,
			);
			runOnlyForDeploymentPostprocessing = 0;
		};
/* End PBXResourcesBuildPhase section */

/* Begin PBXSourcesBuildPhase section */
		F25F02701CEC82AA00250516 /* Sources */ = {
			isa = PBXSourcesBuildPhase;
			buildActionMask = 2147483647;
			files = (
				F25F027A1CEC82AA00250516 /* ViewController.swift in Sources */,
				F25F02781CEC82AA00250516 /* AppDelegate.swift in Sources */,
			);
			runOnlyForDeploymentPostprocessing = 0;
		};
/* End PBXSourcesBuildPhase section */

/* Begin PBXVariantGroup section */
		F25F027B1CEC82AA00250516 /* Main.storyboard */ = {
			isa = PBXVariantGroup;
			children = (
				F25F027C1CEC82AA00250516 /* Base */,
			);
			name = Main.storyboard;
			sourceTree = "<group>";
		};
		F25F02801CEC82AA00250516 /* LaunchScreen.storyboard */ = {
			isa = PBXVariantGroup;
			children = (
				F25F02811CEC82AA00250516 /* Base */,
			);
			name = LaunchScreen.storyboard;
			sourceTree = "<group>";
		};
/* End PBXVariantGroup section */

/* Begin XCBuildConfiguration section */
		F25F02841CEC82AA00250516 /* Debug */ = {
			isa = XCBuildConfiguration;
			buildSettings = {
				ALWAYS_SEARCH_USER_PATHS = NO;
				CLANG_ANALYZER_NONNULL = YES;
				CLANG_CXX_LANGUAGE_STANDARD = "gnu++0x";
				CLANG_CXX_LIBRARY = "libc++";
				CLANG_ENABLE_MODULES = YES;
				CLANG_ENABLE_OBJC_ARC = YES;
				CLANG_WARN_BOOL_CONVERSION = YES;
				CLANG_WARN_CONSTANT_CONVERSION = YES;
				CLANG_WARN_DIRECT_OBJC_ISA_USAGE = YES_ERROR;
				CLANG_WARN_EMPTY_BODY = YES;
				CLANG_WARN_ENUM_CONVERSION = YES;
				CLANG_WARN_INT_CONVERSION = YES;
				CLANG_WARN_OBJC_ROOT_CLASS = YES_ERROR;
				CLANG_WARN_UNREACHABLE_CODE = YES;
				CLANG_WARN__DUPLICATE_METHOD_MATCH = YES;
				"CODE_SIGN_IDENTITY[sdk=iphoneos*]" = "iPhone Developer";
				COPY_PHASE_STRIP = NO;
				DEBUG_INFORMATION_FORMAT = dwarf;
				ENABLE_STRICT_OBJC_MSGSEND = YES;
				ENABLE_TESTABILITY = YES;
				GCC_C_LANGUAGE_STANDARD = gnu99;
				GCC_DYNAMIC_NO_PIC = NO;
				GCC_NO_COMMON_BLOCKS = YES;
				GCC_OPTIMIZATION_LEVEL = 0;
				GCC_PREPROCESSOR_DEFINITIONS = (
					"DEBUG=1",
					"$(inherited)",
				);
				GCC_WARN_64_TO_32_BIT_CONVERSION = YES;
				GCC_WARN_ABOUT_RETURN_TYPE = YES_ERROR;
				GCC_WARN_UNDECLARED_SELECTOR = YES;
				GCC_WARN_UNINITIALIZED_AUTOS = YES_AGGRESSIVE;
				GCC_WARN_UNUSED_FUNCTION = YES;
				GCC_WARN_UNUSED_VARIABLE = YES;
				IPHONEOS_DEPLOYMENT_TARGET = 9.3;
				MTL_ENABLE_DEBUG_INFO = YES;
				ONLY_ACTIVE_ARCH = YES;
				SDKROOT = iphoneos;
				SWIFT_OPTIMIZATION_LEVEL = "-Onone";
			};
			name = Debug;
		};
		F25F02851CEC82AA00250516 /* Release */ = {
			isa = XCBuildConfiguration;
			buildSettings = {
				ALWAYS_SEARCH_USER_PATHS = NO;
				CLANG_ANALYZER_NONNULL = YES;
				CLANG_CXX_LANGUAGE_STANDARD = "gnu++0x";
				CLANG_CXX_LIBRARY = "libc++";
				CLANG_ENABLE_MODULES = YES;
				CLANG_ENABLE_OBJC_ARC = YES;
				CLANG_WARN_BOOL_CONVERSION = YES;
				CLANG_WARN_CONSTANT_CONVERSION = YES;
				CLANG_WARN_DIRECT_OBJC_ISA_USAGE = YES_ERROR;
				CLANG_WARN_EMPTY_BODY = YES;
				CLANG_WARN_ENUM_CONVERSION = YES;
				CLANG_WARN_INT_CONVERSION = YES;
				CLANG_WARN_OBJC_ROOT_CLASS = YES_ERROR;
				CLANG_WARN_UNREACHABLE_CODE = YES;
				CLANG_WARN__DUPLICATE_METHOD_MATCH = YES;
				"CODE_SIGN_IDENTITY[sdk=iphoneos*]" = "iPhone Developer";
				COPY_PHASE_STRIP = NO;
				DEBUG_INFORMATION_FORMAT = "dwarf-with-dsym";
				ENABLE_NS_ASSERTIONS = NO;
				ENABLE_STRICT_OBJC_MSGSEND = YES;
				GCC_C_LANGUAGE_STANDARD = gnu99;
				GCC_NO_COMMON_BLOCKS = YES;
				GCC_WARN_64_TO_32_BIT_CONVERSION = YES;
				GCC_WARN_ABOUT_RETURN_TYPE = YES_ERROR;
				GCC_WARN_UNDECLARED_SELECTOR = YES;
				GCC_WARN_UNINITIALIZED_AUTOS = YES_AGGRESSIVE;
				GCC_WARN_UNUSED_FUNCTION = YES;
				GCC_WARN_UNUSED_VARIABLE = YES;
				IPHONEOS_DEPLOYMENT_TARGET = 9.3;
				MTL_ENABLE_DEBUG_INFO = NO;
				SDKROOT = iphoneos;
				VALIDATE_PRODUCT = YES;
			};
			name = Release;
		};
		F25F02871CEC82AA00250516 /* Debug */ = {
			isa = XCBuildConfiguration;
			buildSettings = {
				ASSETCATALOG_COMPILER_APPICON_NAME = AppIcon;
				CODE_SIGN_IDENTITY = "iPhone Developer";
				"CODE_SIGN_IDENTITY[sdk=iphoneos*]" = "iPhone Developer";
				INFOPLIST_FILE = CLLocationManagerTask/Info.plist;
				IPHONEOS_DEPLOYMENT_TARGET = 8.1;
				LD_RUNPATH_SEARCH_PATHS = "$(inherited) @executable_path/Frameworks";
				PRODUCT_BUNDLE_IDENTIFIER = com.SlashGlobal.CLLocationManagerTask;
				PRODUCT_NAME = "$(TARGET_NAME)";
				PROVISIONING_PROFILE = "";
			};
			name = Debug;
		};
		F25F02881CEC82AA00250516 /* Release */ = {
			isa = XCBuildConfiguration;
			buildSettings = {
				ASSETCATALOG_COMPILER_APPICON_NAME = AppIcon;
				CODE_SIGN_IDENTITY = "iPhone Developer";
				"CODE_SIGN_IDENTITY[sdk=iphoneos*]" = "iPhone Developer";
				INFOPLIST_FILE = CLLocationManagerTask/Info.plist;
				IPHONEOS_DEPLOYMENT_TARGET = 8.1;
				LD_RUNPATH_SEARCH_PATHS = "$(inherited) @executable_path/Frameworks";
				PRODUCT_BUNDLE_IDENTIFIER = com.SlashGlobal.CLLocationManagerTask;
				PRODUCT_NAME = "$(TARGET_NAME)";
				PROVISIONING_PROFILE = "";
			};
			name = Release;
		};
/* End XCBuildConfiguration section */

/* Begin XCConfigurationList section */
		F25F026F1CEC82AA00250516 /* Build configuration list for PBXProject "CLLocationManagerTask" */ = {
			isa = XCConfigurationList;
			buildConfigurations = (
				F25F02841CEC82AA00250516 /* Debug */,
				F25F02851CEC82AA00250516 /* Release */,
			);
			defaultConfigurationIsVisible = 0;
			defaultConfigurationName = Release;
		};
		F25F02861CEC82AA00250516 /* Build configuration list for PBXNativeTarget "CLLocationManagerTask" */ = {
			isa = XCConfigurationList;
			buildConfigurations = (
				F25F02871CEC82AA00250516 /* Debug */,
				F25F02881CEC82AA00250516 /* Release */,
			);
			defaultConfigurationIsVisible = 0;
			defaultConfigurationName = Release;
		};
/* End XCConfigurationList section */
	};
	rootObject = F25F026C1CEC82AA00250516 /* Project object */;
}
